
Microsoft Visual Studio Solution File, Format Version 12.00
# Visual Studio 2013
VisualStudioVersion = 12.0.30723.0
MinimumVisualStudioVersion = 10.0.40219.1
Project("{F2A71F9B-5D33-465A-A702-920D77279786}") = "FSharp.Cloud.AWS", "FSharp.Cloud.AWS\FSharp.Cloud.AWS.fsproj", "{E860C5C5-665C-4BE7-B739-BC27F5C1FB1F}"
EndProject
Project("{F2A71F9B-5D33-465A-A702-920D77279786}") = "FSharp.Cloud.AWS.Samples", "FSharp.Cloud.AWS.Samples\FSharp.Cloud.AWS.Samples.fsproj", "{81243959-5415-41CB-80A2-2BF468C0D6D0}"
EndProject
Global
	GlobalSection(SolutionConfigurationPlatforms) = preSolution
		Debug|Any CPU = Debug|Any CPU
		Release|Any CPU = Release|Any CPU
	EndGlobalSection
	GlobalSection(ProjectConfigurationPlatforms) = postSolution
		{E860C5C5-665C-4BE7-B739-BC27F5C1FB1F}.Debug|Any CPU.ActiveCfg = Debug|Any CPU
		{E860C5C5-665C-4BE7-B739-BC27F5C1FB1F}.Debug|Any CPU.Build.0 = Debug|Any CPU
		{E860C5C5-665C-4BE7-B739-BC27F5C1FB1F}.Release|Any CPU.ActiveCfg = Release|Any CPU
		{E860C5C5-665C-4BE7-B739-BC27F5C1FB1F}.Release|Any CPU.Build.0 = Release|Any CPU
		{81243959-5415-41CB-80A2-2BF468C0D6D0}.Debug|Any CPU.ActiveCfg = Debug|Any CPU
		{81243959-5415-41CB-80A2-2BF468C0D6D0}.Debug|Any CPU.Build.0 = Debug|Any CPU
		{81243959-5415-41CB-80A2-2BF468C0D6D0}.Release|Any CPU.ActiveCfg = Release|Any CPU
		{81243959-5415-41CB-80A2-2BF468C0D6D0}.Release|Any CPU.Build.0 = Release|Any CPU
	EndGlobalSection
	GlobalSection(SolutionProperties) = preSolution
		HideSolutionNode = FALSE
	EndGlobalSection
EndGlobal
